{
  "name": "AniDexApp",
  "lockfileVersion": 3,
  "requires": true,
  "packages": {
    "": {
      "dependencies": {
        "nekosapi": "^0.4.3"
      }
    },
    "node_modules/nekosapi": {
      "version": "0.4.3",
      "resolved": "https://registry.npmjs.org/nekosapi/-/nekosapi-0.4.3.tgz",
      "integrity": "sha512-iaR/r0EqIMOXJx6jRu7obckto52OX/u76LLG1XJFNRtqadp70cb79AwrSP/nqC5stv6OODpBo9dHRMv6UTqf4A==",
      "engines": {
        "node": ">=18.0.0"
      }
    }
  }
}
